
Microsoft Visual Studio Solution File, Format Version 12.00
# Visual Studio Version 17
VisualStudioVersion = 17.0.31903.59
MinimumVisualStudioVersion = 10.0.40219.1
Project("{FAE04EC0-301F-11D3-BF4B-00C04F79EFBC}") = "API", "API\API.csproj", "{05573746-2FBC-4D93-B386-4974D48215E1}"
EndProject
Project("{2150E333-8FDC-42A3-9474-1A3956D46DE8}") = "tests", "tests", "{0AB3BF05-4346-4AA6-1389-037BE0695223}"
EndProject
Project("{FAE04EC0-301F-11D3-BF4B-00C04F79EFBC}") = "IntegrationTests", "tests\IntegrationTests\IntegrationTests.csproj", "{0CE64D97-BC54-4A49-BDC3-CB4D974D27FC}"
EndProject
Project("{FAE04EC0-301F-11D3-BF4B-00C04F79EFBC}") = "UnitTests", "tests\UnitTests\UnitTests.csproj", "{F288C3BA-39C9-441C-8FB6-84F81E72EA68}"
EndProject
Global
	GlobalSection(SolutionConfigurationPlatforms) = preSolution
		Debug|Any CPU = Debug|Any CPU
		Debug|x64 = Debug|x64
		Debug|x86 = Debug|x86
		Release|Any CPU = Release|Any CPU
		Release|x64 = Release|x64
		Release|x86 = Release|x86
	EndGlobalSection
	GlobalSection(ProjectConfigurationPlatforms) = postSolution
		{05573746-2FBC-4D93-B386-4974D48215E1}.Debug|Any CPU.ActiveCfg = Debug|Any CPU
		{05573746-2FBC-4D93-B386-4974D48215E1}.Debug|Any CPU.Build.0 = Debug|Any CPU
		{05573746-2FBC-4D93-B386-4974D48215E1}.Debug|x64.ActiveCfg = Debug|Any CPU
		{05573746-2FBC-4D93-B386-4974D48215E1}.Debug|x64.Build.0 = Debug|Any CPU
		{05573746-2FBC-4D93-B386-4974D48215E1}.Debug|x86.ActiveCfg = Debug|Any CPU
		{05573746-2FBC-4D93-B386-4974D48215E1}.Debug|x86.Build.0 = Debug|Any CPU
		{05573746-2FBC-4D93-B386-4974D48215E1}.Release|Any CPU.ActiveCfg = Release|Any CPU
		{05573746-2FBC-4D93-B386-4974D48215E1}.Release|Any CPU.Build.0 = Release|Any CPU
		{05573746-2FBC-4D93-B386-4974D48215E1}.Release|x64.ActiveCfg = Release|Any CPU
		{05573746-2FBC-4D93-B386-4974D48215E1}.Release|x64.Build.0 = Release|Any CPU
		{05573746-2FBC-4D93-B386-4974D48215E1}.Release|x86.ActiveCfg = Release|Any CPU
		{05573746-2FBC-4D93-B386-4974D48215E1}.Release|x86.Build.0 = Release|Any CPU
		{0CE64D97-BC54-4A49-BDC3-CB4D974D27FC}.Debug|Any CPU.ActiveCfg = Debug|Any CPU
		{0CE64D97-BC54-4A49-BDC3-CB4D974D27FC}.Debug|Any CPU.Build.0 = Debug|Any CPU
		{0CE64D97-BC54-4A49-BDC3-CB4D974D27FC}.Debug|x64.ActiveCfg = Debug|Any CPU
		{0CE64D97-BC54-4A49-BDC3-CB4D974D27FC}.Debug|x64.Build.0 = Debug|Any CPU
		{0CE64D97-BC54-4A49-BDC3-CB4D974D27FC}.Debug|x86.ActiveCfg = Debug|Any CPU
		{0CE64D97-BC54-4A49-BDC3-CB4D974D27FC}.Debug|x86.Build.0 = Debug|Any CPU
		{0CE64D97-BC54-4A49-BDC3-CB4D974D27FC}.Release|Any CPU.ActiveCfg = Release|Any CPU
		{0CE64D97-BC54-4A49-BDC3-CB4D974D27FC}.Release|Any CPU.Build.0 = Release|Any CPU
		{0CE64D97-BC54-4A49-BDC3-CB4D974D27FC}.Release|x64.ActiveCfg = Release|Any CPU
		{0CE64D97-BC54-4A49-BDC3-CB4D974D27FC}.Release|x64.Build.0 = Release|Any CPU
		{0CE64D97-BC54-4A49-BDC3-CB4D974D27FC}.Release|x86.ActiveCfg = Release|Any CPU
		{0CE64D97-BC54-4A49-BDC3-CB4D974D27FC}.Release|x86.Build.0 = Release|Any CPU
		{F288C3BA-39C9-441C-8FB6-84F81E72EA68}.Debug|Any CPU.ActiveCfg = Debug|Any CPU
		{F288C3BA-39C9-441C-8FB6-84F81E72EA68}.Debug|Any CPU.Build.0 = Debug|Any CPU
		{F288C3BA-39C9-441C-8FB6-84F81E72EA68}.Debug|x64.ActiveCfg = Debug|Any CPU
		{F288C3BA-39C9-441C-8FB6-84F81E72EA68}.Debug|x64.Build.0 = Debug|Any CPU
		{F288C3BA-39C9-441C-8FB6-84F81E72EA68}.Debug|x86.ActiveCfg = Debug|Any CPU
		{F288C3BA-39C9-441C-8FB6-84F81E72EA68}.Debug|x86.Build.0 = Debug|Any CPU
		{F288C3BA-39C9-441C-8FB6-84F81E72EA68}.Release|Any CPU.ActiveCfg = Release|Any CPU
		{F288C3BA-39C9-441C-8FB6-84F81E72EA68}.Release|Any CPU.Build.0 = Release|Any CPU
		{F288C3BA-39C9-441C-8FB6-84F81E72EA68}.Release|x64.ActiveCfg = Release|Any CPU
		{F288C3BA-39C9-441C-8FB6-84F81E72EA68}.Release|x64.Build.0 = Release|Any CPU
		{F288C3BA-39C9-441C-8FB6-84F81E72EA68}.Release|x86.ActiveCfg = Release|Any CPU
		{F288C3BA-39C9-441C-8FB6-84F81E72EA68}.Release|x86.Build.0 = Release|Any CPU
	EndGlobalSection
	GlobalSection(SolutionProperties) = preSolution
		HideSolutionNode = FALSE
	EndGlobalSection
	GlobalSection(NestedProjects) = preSolution
		{0CE64D97-BC54-4A49-BDC3-CB4D974D27FC} = {0AB3BF05-4346-4AA6-1389-037BE0695223}
		{F288C3BA-39C9-441C-8FB6-84F81E72EA68} = {0AB3BF05-4346-4AA6-1389-037BE0695223}
	EndGlobalSection
EndGlobal
